// !$*UTF8*$!
{
	archiveVersion = 1;
	classes = {
	};
	objectVersion = 56;
	objects = {

/* Begin PBXBuildFile section */
		BF0C70892BE2450B00677428 /* Date+Extensions.swift in Sources */ = {isa = PBXBuildFile; fileRef = BF0C70882BE2450B00677428 /* Date+Extensions.swift */; };
		BF0C708B2BE2463500677428 /* CustomNavigationBar.swift in Sources */ = {isa = PBXBuildFile; fileRef = BF0C708A2BE2463500677428 /* CustomNavigationBar.swift */; };
		BF0C708D2BE2468400677428 /* NavigationBtnType.swift in Sources */ = {isa = PBXBuildFile; fileRef = BF0C708C2BE2468400677428 /* NavigationBtnType.swift */; };
		BF0C708F2BE2488100677428 /* Todo.swift in Sources */ = {isa = PBXBuildFile; fileRef = BF0C708E2BE2488100677428 /* Todo.swift */; };
		BF0C70912BE2496E00677428 /* TodoListViewModel.swift in Sources */ = {isa = PBXBuildFile; fileRef = BF0C70902BE2496E00677428 /* TodoListViewModel.swift */; };
		BF0C70932BE2497600677428 /* TodoListView.swift in Sources */ = {isa = PBXBuildFile; fileRef = BF0C70922BE2497600677428 /* TodoListView.swift */; };
		BF0C70962BE2498000677428 /* TodoView.swift in Sources */ = {isa = PBXBuildFile; fileRef = BF0C70952BE2498000677428 /* TodoView.swift */; };
		BF0C70982BE2498700677428 /* TodoViewModel.swift in Sources */ = {isa = PBXBuildFile; fileRef = BF0C70972BE2498700677428 /* TodoViewModel.swift */; };
		BF7AF8E92C8DB8F800F0DE75 /* Memo.swift in Sources */ = {isa = PBXBuildFile; fileRef = BF7AF8E82C8DB8F800F0DE75 /* Memo.swift */; };
		BF7AF8EC2C8DB96600F0DE75 /* MemoViewModel.swift in Sources */ = {isa = PBXBuildFile; fileRef = BF7AF8EB2C8DB96600F0DE75 /* MemoViewModel.swift */; };
		BF7AF8EE2C8DB9A600F0DE75 /* MemoListViewModel.swift in Sources */ = {isa = PBXBuildFile; fileRef = BF7AF8ED2C8DB9A600F0DE75 /* MemoListViewModel.swift */; };
		BF7AF8F02C8DB9B400F0DE75 /* MemoListView.swift in Sources */ = {isa = PBXBuildFile; fileRef = BF7AF8EF2C8DB9B400F0DE75 /* MemoListView.swift */; };
		BF7AF8F22C97E30700F0DE75 /* Double+Extensions.swift in Sources */ = {isa = PBXBuildFile; fileRef = BF7AF8F12C97E30700F0DE75 /* Double+Extensions.swift */; };
		BF7AF8F42C97E7C100F0DE75 /* VoiceRecorderViewModel.swift in Sources */ = {isa = PBXBuildFile; fileRef = BF7AF8F32C97E7C100F0DE75 /* VoiceRecorderViewModel.swift */; };
		BF7AF8F62C985C9800F0DE75 /* VoiceRecorderView.swift in Sources */ = {isa = PBXBuildFile; fileRef = BF7AF8F52C985C9800F0DE75 /* VoiceRecorderView.swift */; };
		BF7AF8F82C9D458C00F0DE75 /* Time.swift in Sources */ = {isa = PBXBuildFile; fileRef = BF7AF8F72C9D458C00F0DE75 /* Time.swift */; };
		BF7AF8FA2C9D494400F0DE75 /* Int+Extensions.swift in Sources */ = {isa = PBXBuildFile; fileRef = BF7AF8F92C9D494300F0DE75 /* Int+Extensions.swift */; };
		BF7AF8FC2CA024F800F0DE75 /* TimerViewModel.swift in Sources */ = {isa = PBXBuildFile; fileRef = BF7AF8FB2CA024F800F0DE75 /* TimerViewModel.swift */; };
		BF7AF8FE2CA026E600F0DE75 /* TimerView.swift in Sources */ = {isa = PBXBuildFile; fileRef = BF7AF8FD2CA026E600F0DE75 /* TimerView.swift */; };
		BF8389302CA034330085C4C8 /* NotificationService.swift in Sources */ = {isa = PBXBuildFile; fileRef = BF83892F2CA034330085C4C8 /* NotificationService.swift */; };
		BF8389322CA035760085C4C8 /* AppDelegate.swift in Sources */ = {isa = PBXBuildFile; fileRef = BF8389312CA035760085C4C8 /* AppDelegate.swift */; };
		BF9608142CAE6DEB000B7196 /* WriteBtn.swift in Sources */ = {isa = PBXBuildFile; fileRef = BF9608132CAE6DEB000B7196 /* WriteBtn.swift */; };
		BF98CF662CA7F9A10098A22D /* SettingView.swift in Sources */ = {isa = PBXBuildFile; fileRef = BF98CF652CA7F9A10098A22D /* SettingView.swift */; };
		BF98CF682CA7FE600098A22D /* Tab.swift in Sources */ = {isa = PBXBuildFile; fileRef = BF98CF672CA7FE600098A22D /* Tab.swift */; };
		BF98CF6A2CA7FE880098A22D /* HomeViewModel.swift in Sources */ = {isa = PBXBuildFile; fileRef = BF98CF692CA7FE880098A22D /* HomeViewModel.swift */; };
		BF9B91CA2BC0EB23000B1166 /* VoiceMemoApp.swift in Sources */ = {isa = PBXBuildFile; fileRef = BF9B91C92BC0EB23000B1166 /* VoiceMemoApp.swift */; };
		BF9B91CC2BC0EB23000B1166 /* ContentView.swift in Sources */ = {isa = PBXBuildFile; fileRef = BF9B91CB2BC0EB23000B1166 /* ContentView.swift */; };
		BF9B91CE2BC0EB24000B1166 /* Assets.xcassets in Resources */ = {isa = PBXBuildFile; fileRef = BF9B91CD2BC0EB24000B1166 /* Assets.xcassets */; };
		BF9B91D12BC0EB24000B1166 /* Preview Assets.xcassets in Resources */ = {isa = PBXBuildFile; fileRef = BF9B91D02BC0EB24000B1166 /* Preview Assets.xcassets */; };
		BFE438472BD7F65900FBE72E /* PathType.swift in Sources */ = {isa = PBXBuildFile; fileRef = BFE438462BD7F65900FBE72E /* PathType.swift */; };
		BFE438492BD7F68600FBE72E /* PathModel.swift in Sources */ = {isa = PBXBuildFile; fileRef = BFE438482BD7F68600FBE72E /* PathModel.swift */; };
		BFE4384B2BD7F77400FBE72E /* HomeView.swift in Sources */ = {isa = PBXBuildFile; fileRef = BFE4384A2BD7F77400FBE72E /* HomeView.swift */; };
		BFE4384D2BD7F77B00FBE72E /* MemoView.swift in Sources */ = {isa = PBXBuildFile; fileRef = BFE4384C2BD7F77B00FBE72E /* MemoView.swift */; };
		BFEF866E2BC0F36600516972 /* Launch Screen.storyboard in Resources */ = {isa = PBXBuildFile; fileRef = BFEF866D2BC0F36600516972 /* Launch Screen.storyboard */; };
		BFEF86712BC0F46A00516972 /* Color+Extensions.swift in Sources */ = {isa = PBXBuildFile; fileRef = BFEF86702BC0F46A00516972 /* Color+Extensions.swift */; };
		BFEF86732BC0F5B300516972 /* OnboardingContent.swift in Sources */ = {isa = PBXBuildFile; fileRef = BFEF86722BC0F5B300516972 /* OnboardingContent.swift */; };
		BFEF86752BC0F60B00516972 /* OnboardingViewModel.swift in Sources */ = {isa = PBXBuildFile; fileRef = BFEF86742BC0F60B00516972 /* OnboardingViewModel.swift */; };
		BFEF86772BC0F79B00516972 /* OnboardingView.swift in Sources */ = {isa = PBXBuildFile; fileRef = BFEF86762BC0F79B00516972 /* OnboardingView.swift */; };
/* End PBXBuildFile section */

/* Begin PBXFileReference section */
		BF0C70882BE2450B00677428 /* Date+Extensions.swift */ = {isa = PBXFileReference; lastKnownFileType = sourcecode.swift; path = "Date+Extensions.swift"; sourceTree = "<group>"; };
		BF0C708A2BE2463500677428 /* CustomNavigationBar.swift */ = {isa = PBXFileReference; lastKnownFileType = sourcecode.swift; path = CustomNavigationBar.swift; sourceTree = "<group>"; };
		BF0C708C2BE2468400677428 /* NavigationBtnType.swift */ = {isa = PBXFileReference; lastKnownFileType = sourcecode.swift; path = NavigationBtnType.swift; sourceTree = "<group>"; };
		BF0C708E2BE2488100677428 /* Todo.swift */ = {isa = PBXFileReference; lastKnownFileType = sourcecode.swift; path = Todo.swift; sourceTree = "<group>"; };
		BF0C70902BE2496E00677428 /* TodoListViewModel.swift */ = {isa = PBXFileReference; lastKnownFileType = sourcecode.swift; path = TodoListViewModel.swift; sourceTree = "<group>"; };
		BF0C70922BE2497600677428 /* TodoListView.swift */ = {isa = PBXFileReference; lastKnownFileType = sourcecode.swift; path = TodoListView.swift; sourceTree = "<group>"; };
		BF0C70952BE2498000677428 /* TodoView.swift */ = {isa = PBXFileReference; lastKnownFileType = sourcecode.swift; path = TodoView.swift; sourceTree = "<group>"; };
		BF0C70972BE2498700677428 /* TodoViewModel.swift */ = {isa = PBXFileReference; lastKnownFileType = sourcecode.swift; path = TodoViewModel.swift; sourceTree = "<group>"; };
		BF7AF8E82C8DB8F800F0DE75 /* Memo.swift */ = {isa = PBXFileReference; lastKnownFileType = sourcecode.swift; path = Memo.swift; sourceTree = "<group>"; };
		BF7AF8EB2C8DB96600F0DE75 /* MemoViewModel.swift */ = {isa = PBXFileReference; lastKnownFileType = sourcecode.swift; path = MemoViewModel.swift; sourceTree = "<group>"; };
		BF7AF8ED2C8DB9A600F0DE75 /* MemoListViewModel.swift */ = {isa = PBXFileReference; lastKnownFileType = sourcecode.swift; path = MemoListViewModel.swift; sourceTree = "<group>"; };
		BF7AF8EF2C8DB9B400F0DE75 /* MemoListView.swift */ = {isa = PBXFileReference; lastKnownFileType = sourcecode.swift; path = MemoListView.swift; sourceTree = "<group>"; };
		BF7AF8F12C97E30700F0DE75 /* Double+Extensions.swift */ = {isa = PBXFileReference; lastKnownFileType = sourcecode.swift; path = "Double+Extensions.swift"; sourceTree = "<group>"; };
		BF7AF8F32C97E7C100F0DE75 /* VoiceRecorderViewModel.swift */ = {isa = PBXFileReference; lastKnownFileType = sourcecode.swift; path = VoiceRecorderViewModel.swift; sourceTree = "<group>"; };
		BF7AF8F52C985C9800F0DE75 /* VoiceRecorderView.swift */ = {isa = PBXFileReference; lastKnownFileType = sourcecode.swift; path = VoiceRecorderView.swift; sourceTree = "<group>"; };
		BF7AF8F72C9D458C00F0DE75 /* Time.swift */ = {isa = PBXFileReference; lastKnownFileType = sourcecode.swift; path = Time.swift; sourceTree = "<group>"; };
		BF7AF8F92C9D494300F0DE75 /* Int+Extensions.swift */ = {isa = PBXFileReference; lastKnownFileType = sourcecode.swift; path = "Int+Extensions.swift"; sourceTree = "<group>"; };
		BF7AF8FB2CA024F800F0DE75 /* TimerViewModel.swift */ = {isa = PBXFileReference; lastKnownFileType = sourcecode.swift; path = TimerViewModel.swift; sourceTree = "<group>"; };
		BF7AF8FD2CA026E600F0DE75 /* TimerView.swift */ = {isa = PBXFileReference; lastKnownFileType = sourcecode.swift; path = TimerView.swift; sourceTree = "<group>"; };
		BF83892F2CA034330085C4C8 /* NotificationService.swift */ = {isa = PBXFileReference; lastKnownFileType = sourcecode.swift; path = NotificationService.swift; sourceTree = "<group>"; };
		BF8389312CA035760085C4C8 /* AppDelegate.swift */ = {isa = PBXFileReference; lastKnownFileType = sourcecode.swift; path = AppDelegate.swift; sourceTree = "<group>"; };
		BF9608132CAE6DEB000B7196 /* WriteBtn.swift */ = {isa = PBXFileReference; lastKnownFileType = sourcecode.swift; path = WriteBtn.swift; sourceTree = "<group>"; };
		BF98CF652CA7F9A10098A22D /* SettingView.swift */ = {isa = PBXFileReference; lastKnownFileType = sourcecode.swift; path = SettingView.swift; sourceTree = "<group>"; };
		BF98CF672CA7FE600098A22D /* Tab.swift */ = {isa = PBXFileReference; lastKnownFileType = sourcecode.swift; path = Tab.swift; sourceTree = "<group>"; };
		BF98CF692CA7FE880098A22D /* HomeViewModel.swift */ = {isa = PBXFileReference; lastKnownFileType = sourcecode.swift; path = HomeViewModel.swift; sourceTree = "<group>"; };
		BF9B91C62BC0EB23000B1166 /* VoiceMemo.app */ = {isa = PBXFileReference; explicitFileType = wrapper.application; includeInIndex = 0; path = VoiceMemo.app; sourceTree = BUILT_PRODUCTS_DIR; };
		BF9B91C92BC0EB23000B1166 /* VoiceMemoApp.swift */ = {isa = PBXFileReference; lastKnownFileType = sourcecode.swift; path = VoiceMemoApp.swift; sourceTree = "<group>"; };
		BF9B91CB2BC0EB23000B1166 /* ContentView.swift */ = {isa = PBXFileReference; lastKnownFileType = sourcecode.swift; path = ContentView.swift; sourceTree = "<group>"; };
		BF9B91CD2BC0EB24000B1166 /* Assets.xcassets */ = {isa = PBXFileReference; lastKnownFileType = folder.assetcatalog; path = Assets.xcassets; sourceTree = "<group>"; };
		BF9B91D02BC0EB24000B1166 /* Preview Assets.xcassets */ = {isa = PBXFileReference; lastKnownFileType = folder.assetcatalog; path = "Preview Assets.xcassets"; sourceTree = "<group>"; };
		BF9B91D72BC0EC3D000B1166 /* Info.plist */ = {isa = PBXFileReference; lastKnownFileType = text.plist; path = Info.plist; sourceTree = "<group>"; };
		BFE438462BD7F65900FBE72E /* PathType.swift */ = {isa = PBXFileReference; lastKnownFileType = sourcecode.swift; path = PathType.swift; sourceTree = "<group>"; };
		BFE438482BD7F68600FBE72E /* PathModel.swift */ = {isa = PBXFileReference; lastKnownFileType = sourcecode.swift; path = PathModel.swift; sourceTree = "<group>"; };
		BFE4384A2BD7F77400FBE72E /* HomeView.swift */ = {isa = PBXFileReference; lastKnownFileType = sourcecode.swift; path = HomeView.swift; sourceTree = "<group>"; };
		BFE4384C2BD7F77B00FBE72E /* MemoView.swift */ = {isa = PBXFileReference; lastKnownFileType = sourcecode.swift; path = MemoView.swift; sourceTree = "<group>"; };
		BFEF866D2BC0F36600516972 /* Launch Screen.storyboard */ = {isa = PBXFileReference; lastKnownFileType = file.storyboard; path = "Launch Screen.storyboard"; sourceTree = "<group>"; };
		BFEF86702BC0F46A00516972 /* Color+Extensions.swift */ = {isa = PBXFileReference; lastKnownFileType = sourcecode.swift; path = "Color+Extensions.swift"; sourceTree = "<group>"; };
		BFEF86722BC0F5B300516972 /* OnboardingContent.swift */ = {isa = PBXFileReference; lastKnownFileType = sourcecode.swift; path = OnboardingContent.swift; sourceTree = "<group>"; };
		BFEF86742BC0F60B00516972 /* OnboardingViewModel.swift */ = {isa = PBXFileReference; lastKnownFileType = sourcecode.swift; path = OnboardingViewModel.swift; sourceTree = "<group>"; };
		BFEF86762BC0F79B00516972 /* OnboardingView.swift */ = {isa = PBXFileReference; lastKnownFileType = sourcecode.swift; path = OnboardingView.swift; sourceTree = "<group>"; };
/* End PBXFileReference section */

/* Begin PBXFrameworksBuildPhase section */
		BF9B91C32BC0EB23000B1166 /* Frameworks */ = {
			isa = PBXFrameworksBuildPhase;
			buildActionMask = 2147483647;
			files = (
			);
			runOnlyForDeploymentPostprocessing = 0;
		};
/* End PBXFrameworksBuildPhase section */

/* Begin PBXGroup section */
		BF0C70942BE2497900677428 /* Todo */ = {
			isa = PBXGroup;
			children = (
				BF0C70952BE2498000677428 /* TodoView.swift */,
				BF0C70972BE2498700677428 /* TodoViewModel.swift */,
			);
			path = Todo;
			sourceTree = "<group>";
		};
		BF7AF8EA2C8DB95900F0DE75 /* Memo */ = {
			isa = PBXGroup;
			children = (
				BFE4384C2BD7F77B00FBE72E /* MemoView.swift */,
				BF7AF8EB2C8DB96600F0DE75 /* MemoViewModel.swift */,
			);
			path = Memo;
			sourceTree = "<group>";
		};
		BF9B91BD2BC0EB23000B1166 = {
			isa = PBXGroup;
			children = (
				BF9B91C82BC0EB23000B1166 /* VoiceMemo */,
				BF9B91C72BC0EB23000B1166 /* Products */,
			);
			sourceTree = "<group>";
		};
		BF9B91C72BC0EB23000B1166 /* Products */ = {
			isa = PBXGroup;
			children = (
				BF9B91C62BC0EB23000B1166 /* VoiceMemo.app */,
			);
			name = Products;
			sourceTree = "<group>";
		};
		BF9B91C82BC0EB23000B1166 /* VoiceMemo */ = {
			isa = PBXGroup;
			children = (
				BF9B91DC2BC0ED83000B1166 /* Model */,
				BF9B91DB2BC0ED7E000B1166 /* Feature */,
				BF9B91DA2BC0ED78000B1166 /* Component */,
				BF9B91D92BC0ED6C000B1166 /* Core */,
				BF9B91D82BC0ED60000B1166 /* App */,
				BF9B91D72BC0EC3D000B1166 /* Info.plist */,
				BF9B91CB2BC0EB23000B1166 /* ContentView.swift */,
				BF9B91CD2BC0EB24000B1166 /* Assets.xcassets */,
				BF9B91CF2BC0EB24000B1166 /* Preview Content */,
			);
			path = VoiceMemo;
			sourceTree = "<group>";
		};
		BF9B91CF2BC0EB24000B1166 /* Preview Content */ = {
			isa = PBXGroup;
			children = (
				BF9B91D02BC0EB24000B1166 /* Preview Assets.xcassets */,
			);
			path = "Preview Content";
			sourceTree = "<group>";
		};
		BF9B91D82BC0ED60000B1166 /* App */ = {
			isa = PBXGroup;
			children = (
				BF9B91C92BC0EB23000B1166 /* VoiceMemoApp.swift */,
				BFEF866D2BC0F36600516972 /* Launch Screen.storyboard */,
				BF8389312CA035760085C4C8 /* AppDelegate.swift */,
			);
			path = App;
			sourceTree = "<group>";
		};
		BF9B91D92BC0ED6C000B1166 /* Core */ = {
			isa = PBXGroup;
			children = (
				BF9B91DE2BC0ED97000B1166 /* Extension */,
				BF9B91DD2BC0ED92000B1166 /* Service */,
			);
			path = Core;
			sourceTree = "<group>";
		};
		BF9B91DA2BC0ED78000B1166 /* Component */ = {
			isa = PBXGroup;
			children = (
				BF9B91E02BC0EDA3000B1166 /* NavigationBar */,
				BF9B91DF2BC0ED9E000B1166 /* CustomView */,
			);
			path = Component;
			sourceTree = "<group>";
		};
		BF9B91DB2BC0ED7E000B1166 /* Feature */ = {
			isa = PBXGroup;
			children = (
				BF9B91E22BC0EDC5000B1166 /* Home */,
				BF9B91E12BC0EDB4000B1166 /* Onboarding */,
			);
			path = Feature;
			sourceTree = "<group>";
		};
		BF9B91DC2BC0ED83000B1166 /* Model */ = {
			isa = PBXGroup;
			children = (
				BF9B91ED2BC0EE1E000B1166 /* Timer */,
				BF9B91EC2BC0EE1B000B1166 /* Memo */,
				BF9B91EB2BC0EE17000B1166 /* Todo */,
				BF9B91EA2BC0EE13000B1166 /* Home */,
				BF9B91E92BC0EE0C000B1166 /* Onboarding */,
				BF9B91E82BC0EE08000B1166 /* Path */,
			);
			path = Model;
			sourceTree = "<group>";
		};
		BF9B91DD2BC0ED92000B1166 /* Service */ = {
			isa = PBXGroup;
			children = (
				BF83892F2CA034330085C4C8 /* NotificationService.swift */,
			);
			path = Service;
			sourceTree = "<group>";
		};
		BF9B91DE2BC0ED97000B1166 /* Extension */ = {
			isa = PBXGroup;
			children = (
				BFEF86702BC0F46A00516972 /* Color+Extensions.swift */,
				BF0C70882BE2450B00677428 /* Date+Extensions.swift */,
				BF7AF8F12C97E30700F0DE75 /* Double+Extensions.swift */,
				BF7AF8F92C9D494300F0DE75 /* Int+Extensions.swift */,
			);
			path = Extension;
			sourceTree = "<group>";
		};
		BF9B91DF2BC0ED9E000B1166 /* CustomView */ = {
			isa = PBXGroup;
			children = (
				BF9608132CAE6DEB000B7196 /* WriteBtn.swift */,
			);
			path = CustomView;
			sourceTree = "<group>";
		};
		BF9B91E02BC0EDA3000B1166 /* NavigationBar */ = {
			isa = PBXGroup;
			children = (
				BF0C708A2BE2463500677428 /* CustomNavigationBar.swift */,
				BF0C708C2BE2468400677428 /* NavigationBtnType.swift */,
			);
			path = NavigationBar;
			sourceTree = "<group>";
		};
		BF9B91E12BC0EDB4000B1166 /* Onboarding */ = {
			isa = PBXGroup;
			children = (
				BFEF86742BC0F60B00516972 /* OnboardingViewModel.swift */,
				BFEF86762BC0F79B00516972 /* OnboardingView.swift */,
			);
			path = Onboarding;
			sourceTree = "<group>";
		};
		BF9B91E22BC0EDC5000B1166 /* Home */ = {
			isa = PBXGroup;
			children = (
				BFE4384A2BD7F77400FBE72E /* HomeView.swift */,
				BF98CF692CA7FE880098A22D /* HomeViewModel.swift */,
				BF9B91E72BC0EDE3000B1166 /* Setting */,
				BF9B91E62BC0EDE0000B1166 /* Timer */,
				BF9B91E52BC0EDDA000B1166 /* VoiceRecorder */,
				BF9B91E42BC0EDD4000B1166 /* MemoList */,
				BF9B91E32BC0EDCF000B1166 /* TodoList */,
			);
			path = Home;
			sourceTree = "<group>";
		};
		BF9B91E32BC0EDCF000B1166 /* TodoList */ = {
			isa = PBXGroup;
			children = (
				BF0C70942BE2497900677428 /* Todo */,
				BF0C70902BE2496E00677428 /* TodoListViewModel.swift */,
				BF0C70922BE2497600677428 /* TodoListView.swift */,
			);
			path = TodoList;
			sourceTree = "<group>";
		};
		BF9B91E42BC0EDD4000B1166 /* MemoList */ = {
			isa = PBXGroup;
			children = (
				BF7AF8EA2C8DB95900F0DE75 /* Memo */,
				BF7AF8EF2C8DB9B400F0DE75 /* MemoListView.swift */,
				BF7AF8ED2C8DB9A600F0DE75 /* MemoListViewModel.swift */,
			);
			path = MemoList;
			sourceTree = "<group>";
		};
		BF9B91E52BC0EDDA000B1166 /* VoiceRecorder */ = {
			isa = PBXGroup;
			children = (
				BF7AF8F52C985C9800F0DE75 /* VoiceRecorderView.swift */,
				BF7AF8F32C97E7C100F0DE75 /* VoiceRecorderViewModel.swift */,
			);
			path = VoiceRecorder;
			sourceTree = "<group>";
		};
		BF9B91E62BC0EDE0000B1166 /* Timer */ = {
			isa = PBXGroup;
			children = (
				BF7AF8FB2CA024F800F0DE75 /* TimerViewModel.swift */,
				BF7AF8FD2CA026E600F0DE75 /* TimerView.swift */,
			);
			path = Timer;
			sourceTree = "<group>";
		};
		BF9B91E72BC0EDE3000B1166 /* Setting */ = {
			isa = PBXGroup;
			children = (
				BF98CF652CA7F9A10098A22D /* SettingView.swift */,
			);
			path = Setting;
			sourceTree = "<group>";
		};
		BF9B91E82BC0EE08000B1166 /* Path */ = {
			isa = PBXGroup;
			children = (
				BFE438462BD7F65900FBE72E /* PathType.swift */,
				BFE438482BD7F68600FBE72E /* PathModel.swift */,
			);
			path = Path;
			sourceTree = "<group>";
		};
		BF9B91E92BC0EE0C000B1166 /* Onboarding */ = {
			isa = PBXGroup;
			children = (
				BFEF86722BC0F5B300516972 /* OnboardingContent.swift */,
			);
			path = Onboarding;
			sourceTree = "<group>";
		};
		BF9B91EA2BC0EE13000B1166 /* Home */ = {
			isa = PBXGroup;
			children = (
				BF98CF672CA7FE600098A22D /* Tab.swift */,
			);
			path = Home;
			sourceTree = "<group>";
		};
		BF9B91EB2BC0EE17000B1166 /* Todo */ = {
			isa = PBXGroup;
			children = (
				BF0C708E2BE2488100677428 /* Todo.swift */,
			);
			path = Todo;
			sourceTree = "<group>";
		};
		BF9B91EC2BC0EE1B000B1166 /* Memo */ = {
			isa = PBXGroup;
			children = (
				BF7AF8E82C8DB8F800F0DE75 /* Memo.swift */,
			);
			path = Memo;
			sourceTree = "<group>";
		};
		BF9B91ED2BC0EE1E000B1166 /* Timer */ = {
			isa = PBXGroup;
			children = (
				BF7AF8F72C9D458C00F0DE75 /* Time.swift */,
			);
			path = Timer;
			sourceTree = "<group>";
		};
/* End PBXGroup section */

/* Begin PBXNativeTarget section */
		BF9B91C52BC0EB23000B1166 /* VoiceMemo */ = {
			isa = PBXNativeTarget;
			buildConfigurationList = BF9B91D42BC0EB24000B1166 /* Build configuration list for PBXNativeTarget "VoiceMemo" */;
			buildPhases = (
				BF9B91C22BC0EB23000B1166 /* Sources */,
				BF9B91C32BC0EB23000B1166 /* Frameworks */,
				BF9B91C42BC0EB23000B1166 /* Resources */,
			);
			buildRules = (
			);
			dependencies = (
			);
			name = VoiceMemo;
			productName = VoiceMemo;
			productReference = BF9B91C62BC0EB23000B1166 /* VoiceMemo.app */;
			productType = "com.apple.product-type.application";
		};
/* End PBXNativeTarget section */

/* Begin PBXProject section */
		BF9B91BE2BC0EB23000B1166 /* Project object */ = {
			isa = PBXProject;
			attributes = {
				BuildIndependentTargetsInParallel = 1;
				LastSwiftUpdateCheck = 1520;
				LastUpgradeCheck = 1520;
				TargetAttributes = {
					BF9B91C52BC0EB23000B1166 = {
						CreatedOnToolsVersion = 15.2;
					};
				};
			};
			buildConfigurationList = BF9B91C12BC0EB23000B1166 /* Build configuration list for PBXProject "VoiceMemo" */;
			compatibilityVersion = "Xcode 14.0";
			developmentRegion = en;
			hasScannedForEncodings = 0;
			knownRegions = (
				en,
				Base,
			);
			mainGroup = BF9B91BD2BC0EB23000B1166;
			productRefGroup = BF9B91C72BC0EB23000B1166 /* Products */;
			projectDirPath = "";
			projectRoot = "";
			targets = (
				BF9B91C52BC0EB23000B1166 /* VoiceMemo */,
			);
		};
/* End PBXProject section */

/* Begin PBXResourcesBuildPhase section */
		BF9B91C42BC0EB23000B1166 /* Resources */ = {
			isa = PBXResourcesBuildPhase;
			buildActionMask = 2147483647;
			files = (
				BF9B91D12BC0EB24000B1166 /* Preview Assets.xcassets in Resources */,
				BF9B91CE2BC0EB24000B1166 /* Assets.xcassets in Resources */,
				BFEF866E2BC0F36600516972 /* Launch Screen.storyboard in Resources */,
			);
			runOnlyForDeploymentPostprocessing = 0;
		};
/* End PBXResourcesBuildPhase section */

/* Begin PBXSourcesBuildPhase section */
		BF9B91C22BC0EB23000B1166 /* Sources */ = {
			isa = PBXSourcesBuildPhase;
			buildActionMask = 2147483647;
			files = (
				BF7AF8FC2CA024F800F0DE75 /* TimerViewModel.swift in Sources */,
				BF0C70912BE2496E00677428 /* TodoListViewModel.swift in Sources */,
				BFE4384D2BD7F77B00FBE72E /* MemoView.swift in Sources */,
				BF7AF8F02C8DB9B400F0DE75 /* MemoListView.swift in Sources */,
				BF7AF8F62C985C9800F0DE75 /* VoiceRecorderView.swift in Sources */,
				BF98CF662CA7F9A10098A22D /* SettingView.swift in Sources */,
				BFE4384B2BD7F77400FBE72E /* HomeView.swift in Sources */,
				BFE438492BD7F68600FBE72E /* PathModel.swift in Sources */,
				BF7AF8F82C9D458C00F0DE75 /* Time.swift in Sources */,
				BFEF86752BC0F60B00516972 /* OnboardingViewModel.swift in Sources */,
				BF7AF8EE2C8DB9A600F0DE75 /* MemoListViewModel.swift in Sources */,
				BF0C708F2BE2488100677428 /* Todo.swift in Sources */,
				BF0C70962BE2498000677428 /* TodoView.swift in Sources */,
				BFEF86732BC0F5B300516972 /* OnboardingContent.swift in Sources */,
				BF7AF8FA2C9D494400F0DE75 /* Int+Extensions.swift in Sources */,
				BF0C70982BE2498700677428 /* TodoViewModel.swift in Sources */,
				BF0C70932BE2497600677428 /* TodoListView.swift in Sources */,
				BF98CF6A2CA7FE880098A22D /* HomeViewModel.swift in Sources */,
				BF0C708B2BE2463500677428 /* CustomNavigationBar.swift in Sources */,
				BF7AF8E92C8DB8F800F0DE75 /* Memo.swift in Sources */,
				BF7AF8EC2C8DB96600F0DE75 /* MemoViewModel.swift in Sources */,
				BF0C708D2BE2468400677428 /* NavigationBtnType.swift in Sources */,
				BF0C70892BE2450B00677428 /* Date+Extensions.swift in Sources */,
				BF9B91CC2BC0EB23000B1166 /* ContentView.swift in Sources */,
				BF8389322CA035760085C4C8 /* AppDelegate.swift in Sources */,
				BFEF86772BC0F79B00516972 /* OnboardingView.swift in Sources */,
				BF9B91CA2BC0EB23000B1166 /* VoiceMemoApp.swift in Sources */,
				BF7AF8FE2CA026E600F0DE75 /* TimerView.swift in Sources */,
				BF98CF682CA7FE600098A22D /* Tab.swift in Sources */,
				BF7AF8F22C97E30700F0DE75 /* Double+Extensions.swift in Sources */,
				BF9608142CAE6DEB000B7196 /* WriteBtn.swift in Sources */,
				BFEF86712BC0F46A00516972 /* Color+Extensions.swift in Sources */,
				BFE438472BD7F65900FBE72E /* PathType.swift in Sources */,
				BF8389302CA034330085C4C8 /* NotificationService.swift in Sources */,
				BF7AF8F42C97E7C100F0DE75 /* VoiceRecorderViewModel.swift in Sources */,
			);
			runOnlyForDeploymentPostprocessing = 0;
		};
/* End PBXSourcesBuildPhase section */

/* Begin XCBuildConfiguration section */
		BF9B91D22BC0EB24000B1166 /* Debug */ = {
			isa = XCBuildConfiguration;
			buildSettings = {
				ALWAYS_SEARCH_USER_PATHS = NO;
				ASSETCATALOG_COMPILER_GENERATE_SWIFT_ASSET_SYMBOL_EXTENSIONS = YES;
				CLANG_ANALYZER_NONNULL = YES;
				CLANG_ANALYZER_NUMBER_OBJECT_CONVERSION = YES_AGGRESSIVE;
				CLANG_CXX_LANGUAGE_STANDARD = "gnu++20";
				CLANG_ENABLE_MODULES = YES;
				CLANG_ENABLE_OBJC_ARC = YES;
				CLANG_ENABLE_OBJC_WEAK = YES;
				CLANG_WARN_BLOCK_CAPTURE_AUTORELEASING = YES;
				CLANG_WARN_BOOL_CONVERSION = YES;
				CLANG_WARN_COMMA = YES;
				CLANG_WARN_CONSTANT_CONVERSION = YES;
				CLANG_WARN_DEPRECATED_OBJC_IMPLEMENTATIONS = YES;
				CLANG_WARN_DIRECT_OBJC_ISA_USAGE = YES_ERROR;
				CLANG_WARN_DOCUMENTATION_COMMENTS = YES;
				CLANG_WARN_EMPTY_BODY = YES;
				CLANG_WARN_ENUM_CONVERSION = YES;
				CLANG_WARN_INFINITE_RECURSION = YES;
				CLANG_WARN_INT_CONVERSION = YES;
				CLANG_WARN_NON_LITERAL_NULL_CONVERSION = YES;
				CLANG_WARN_OBJC_IMPLICIT_RETAIN_SELF = YES;
				CLANG_WARN_OBJC_LITERAL_CONVERSION = YES;
				CLANG_WARN_OBJC_ROOT_CLASS = YES_ERROR;
				CLANG_WARN_QUOTED_INCLUDE_IN_FRAMEWORK_HEADER = YES;
				CLANG_WARN_RANGE_LOOP_ANALYSIS = YES;
				CLANG_WARN_STRICT_PROTOTYPES = YES;
				CLANG_WARN_SUSPICIOUS_MOVE = YES;
				CLANG_WARN_UNGUARDED_AVAILABILITY = YES_AGGRESSIVE;
				CLANG_WARN_UNREACHABLE_CODE = YES;
				CLANG_WARN__DUPLICATE_METHOD_MATCH = YES;
				COPY_PHASE_STRIP = NO;
				DEBUG_INFORMATION_FORMAT = dwarf;
				ENABLE_STRICT_OBJC_MSGSEND = YES;
				ENABLE_TESTABILITY = YES;
				ENABLE_USER_SCRIPT_SANDBOXING = YES;
				GCC_C_LANGUAGE_STANDARD = gnu17;
				GCC_DYNAMIC_NO_PIC = NO;
				GCC_NO_COMMON_BLOCKS = YES;
				GCC_OPTIMIZATION_LEVEL = 0;
				GCC_PREPROCESSOR_DEFINITIONS = (
					"DEBUG=1",
					"$(inherited)",
				);
				GCC_WARN_64_TO_32_BIT_CONVERSION = YES;
				GCC_WARN_ABOUT_RETURN_TYPE = YES_ERROR;
				GCC_WARN_UNDECLARED_SELECTOR = YES;
				GCC_WARN_UNINITIALIZED_AUTOS = YES_AGGRESSIVE;
				GCC_WARN_UNUSED_FUNCTION = YES;
				GCC_WARN_UNUSED_VARIABLE = YES;
				IPHONEOS_DEPLOYMENT_TARGET = 17.2;
				LOCALIZATION_PREFERS_STRING_CATALOGS = YES;
				MTL_ENABLE_DEBUG_INFO = INCLUDE_SOURCE;
				MTL_FAST_MATH = YES;
				ONLY_ACTIVE_ARCH = YES;
				SDKROOT = iphoneos;
				SWIFT_ACTIVE_COMPILATION_CONDITIONS = "DEBUG $(inherited)";
				SWIFT_OPTIMIZATION_LEVEL = "-Onone";
			};
			name = Debug;
		};
		BF9B91D32BC0EB24000B1166 /* Release */ = {
			isa = XCBuildConfiguration;
			buildSettings = {
				ALWAYS_SEARCH_USER_PATHS = NO;
				ASSETCATALOG_COMPILER_GENERATE_SWIFT_ASSET_SYMBOL_EXTENSIONS = YES;
				CLANG_ANALYZER_NONNULL = YES;
				CLANG_ANALYZER_NUMBER_OBJECT_CONVERSION = YES_AGGRESSIVE;
				CLANG_CXX_LANGUAGE_STANDARD = "gnu++20";
				CLANG_ENABLE_MODULES = YES;
				CLANG_ENABLE_OBJC_ARC = YES;
				CLANG_ENABLE_OBJC_WEAK = YES;
				CLANG_WARN_BLOCK_CAPTURE_AUTORELEASING = YES;
				CLANG_WARN_BOOL_CONVERSION = YES;
				CLANG_WARN_COMMA = YES;
				CLANG_WARN_CONSTANT_CONVERSION = YES;
				CLANG_WARN_DEPRECATED_OBJC_IMPLEMENTATIONS = YES;
				CLANG_WARN_DIRECT_OBJC_ISA_USAGE = YES_ERROR;
				CLANG_WARN_DOCUMENTATION_COMMENTS = YES;
				CLANG_WARN_EMPTY_BODY = YES;
				CLANG_WARN_ENUM_CONVERSION = YES;
				CLANG_WARN_INFINITE_RECURSION = YES;
				CLANG_WARN_INT_CONVERSION = YES;
				CLANG_WARN_NON_LITERAL_NULL_CONVERSION = YES;
				CLANG_WARN_OBJC_IMPLICIT_RETAIN_SELF = YES;
				CLANG_WARN_OBJC_LITERAL_CONVERSION = YES;
				CLANG_WARN_OBJC_ROOT_CLASS = YES_ERROR;
				CLANG_WARN_QUOTED_INCLUDE_IN_FRAMEWORK_HEADER = YES;
				CLANG_WARN_RANGE_LOOP_ANALYSIS = YES;
				CLANG_WARN_STRICT_PROTOTYPES = YES;
				CLANG_WARN_SUSPICIOUS_MOVE = YES;
				CLANG_WARN_UNGUARDED_AVAILABILITY = YES_AGGRESSIVE;
				CLANG_WARN_UNREACHABLE_CODE = YES;
				CLANG_WARN__DUPLICATE_METHOD_MATCH = YES;
				COPY_PHASE_STRIP = NO;
				DEBUG_INFORMATION_FORMAT = "dwarf-with-dsym";
				ENABLE_NS_ASSERTIONS = NO;
				ENABLE_STRICT_OBJC_MSGSEND = YES;
				ENABLE_USER_SCRIPT_SANDBOXING = YES;
				GCC_C_LANGUAGE_STANDARD = gnu17;
				GCC_NO_COMMON_BLOCKS = YES;
				GCC_WARN_64_TO_32_BIT_CONVERSION = YES;
				GCC_WARN_ABOUT_RETURN_TYPE = YES_ERROR;
				GCC_WARN_UNDECLARED_SELECTOR = YES;
				GCC_WARN_UNINITIALIZED_AUTOS = YES_AGGRESSIVE;
				GCC_WARN_UNUSED_FUNCTION = YES;
				GCC_WARN_UNUSED_VARIABLE = YES;
				IPHONEOS_DEPLOYMENT_TARGET = 17.2;
				LOCALIZATION_PREFERS_STRING_CATALOGS = YES;
				MTL_ENABLE_DEBUG_INFO = NO;
				MTL_FAST_MATH = YES;
				SDKROOT = iphoneos;
				SWIFT_COMPILATION_MODE = wholemodule;
				VALIDATE_PRODUCT = YES;
			};
			name = Release;
		};
		BF9B91D52BC0EB24000B1166 /* Debug */ = {
			isa = XCBuildConfiguration;
			buildSettings = {
				ASSETCATALOG_COMPILER_APPICON_NAME = AppIcon;
				ASSETCATALOG_COMPILER_GLOBAL_ACCENT_COLOR_NAME = AccentColor;
				CODE_SIGN_STYLE = Automatic;
				CURRENT_PROJECT_VERSION = 1;
				DEVELOPMENT_ASSET_PATHS = "\"VoiceMemo/Preview Content\"";
				DEVELOPMENT_TEAM = KNU45PG8G9;
				ENABLE_PREVIEWS = YES;
				GENERATE_INFOPLIST_FILE = YES;
				INFOPLIST_FILE = VoiceMemo/Info.plist;
				INFOPLIST_KEY_NSMicrophoneUsageDescription = "마이크사용을 원합니다";
				INFOPLIST_KEY_UIApplicationSceneManifest_Generation = YES;
				INFOPLIST_KEY_UIApplicationSupportsIndirectInputEvents = YES;
				INFOPLIST_KEY_UILaunchScreen_Generation = YES;
				INFOPLIST_KEY_UILaunchStoryboardName = "Launch Screen.storyboard";
				INFOPLIST_KEY_UIStatusBarStyle = UIStatusBarStyleLightContent;
				INFOPLIST_KEY_UISupportedInterfaceOrientations = UIInterfaceOrientationPortrait;
				IPHONEOS_DEPLOYMENT_TARGET = 16.0;
				LD_RUNPATH_SEARCH_PATHS = (
					"$(inherited)",
					"@executable_path/Frameworks",
				);
				MARKETING_VERSION = 1.0;
				PRODUCT_BUNDLE_IDENTIFIER = ysome.VoiceMemo;
				PRODUCT_NAME = "$(TARGET_NAME)";
				SWIFT_EMIT_LOC_STRINGS = YES;
				SWIFT_VERSION = 5.0;
				TARGETED_DEVICE_FAMILY = "1,2";
			};
			name = Debug;
		};
		BF9B91D62BC0EB24000B1166 /* Release */ = {
			isa = XCBuildConfiguration;
			buildSettings = {
				ASSETCATALOG_COMPILER_APPICON_NAME = AppIcon;
				ASSETCATALOG_COMPILER_GLOBAL_ACCENT_COLOR_NAME = AccentColor;
				CODE_SIGN_STYLE = Automatic;
				CURRENT_PROJECT_VERSION = 1;
				DEVELOPMENT_ASSET_PATHS = "\"VoiceMemo/Preview Content\"";
				DEVELOPMENT_TEAM = KNU45PG8G9;
				ENABLE_PREVIEWS = YES;
				GENERATE_INFOPLIST_FILE = YES;
				INFOPLIST_FILE = VoiceMemo/Info.plist;
				INFOPLIST_KEY_NSMicrophoneUsageDescription = "마이크사용을 원합니다";
				INFOPLIST_KEY_UIApplicationSceneManifest_Generation = YES;
				INFOPLIST_KEY_UIApplicationSupportsIndirectInputEvents = YES;
				INFOPLIST_KEY_UILaunchScreen_Generation = YES;
				INFOPLIST_KEY_UILaunchStoryboardName = "Launch Screen.storyboard";
				INFOPLIST_KEY_UIStatusBarStyle = UIStatusBarStyleLightContent;
				INFOPLIST_KEY_UISupportedInterfaceOrientations = UIInterfaceOrientationPortrait;
				IPHONEOS_DEPLOYMENT_TARGET = 16.0;
				LD_RUNPATH_SEARCH_PATHS = (
					"$(inherited)",
					"@executable_path/Frameworks",
				);
				MARKETING_VERSION = 1.0;
				PRODUCT_BUNDLE_IDENTIFIER = ysome.VoiceMemo;
				PRODUCT_NAME = "$(TARGET_NAME)";
				SWIFT_EMIT_LOC_STRINGS = YES;
				SWIFT_VERSION = 5.0;
				TARGETED_DEVICE_FAMILY = "1,2";
			};
			name = Release;
		};
/* End XCBuildConfiguration section */

/* Begin XCConfigurationList section */
		BF9B91C12BC0EB23000B1166 /* Build configuration list for PBXProject "VoiceMemo" */ = {
			isa = XCConfigurationList;
			buildConfigurations = (
				BF9B91D22BC0EB24000B1166 /* Debug */,
				BF9B91D32BC0EB24000B1166 /* Release */,
			);
			defaultConfigurationIsVisible = 0;
			defaultConfigurationName = Release;
		};
		BF9B91D42BC0EB24000B1166 /* Build configuration list for PBXNativeTarget "VoiceMemo" */ = {
			isa = XCConfigurationList;
			buildConfigurations = (
				BF9B91D52BC0EB24000B1166 /* Debug */,
				BF9B91D62BC0EB24000B1166 /* Release */,
			);
			defaultConfigurationIsVisible = 0;
			defaultConfigurationName = Release;
		};
/* End XCConfigurationList section */
	};
	rootObject = BF9B91BE2BC0EB23000B1166 /* Project object */;
}
